
Microsoft Visual Studio Solution File, Format Version 12.00
# Visual Studio 15
VisualStudioVersion = 15.0.27130.2036
MinimumVisualStudioVersion = 10.0.40219.1
Project("{FAE04EC0-301F-11D3-BF4B-00C04F79EFBC}") = "LightCycleClone", "LightCycleClone\LightCycleClone.csproj", "{AE4B2CE5-BBE6-4E92-A57C-49461CC24CA3}"
EndProject
Project("{FAE04EC0-301F-11D3-BF4B-00C04F79EFBC}") = "LCUnitTest", "LCUnitTest\LCUnitTest.csproj", "{1049D437-F3DC-4D0C-AB49-F7B653E755B3}"
EndProject
Global
	GlobalSection(SolutionConfigurationPlatforms) = preSolution
		Debug|Any CPU = Debug|Any CPU
		Release|Any CPU = Release|Any CPU
	EndGlobalSection
	GlobalSection(ProjectConfigurationPlatforms) = postSolution
		{AE4B2CE5-BBE6-4E92-A57C-49461CC24CA3}.Debug|Any CPU.ActiveCfg = Debug|Any CPU
		{AE4B2CE5-BBE6-4E92-A57C-49461CC24CA3}.Debug|Any CPU.Build.0 = Debug|Any CPU
		{AE4B2CE5-BBE6-4E92-A57C-49461CC24CA3}.Release|Any CPU.ActiveCfg = Release|Any CPU
		{AE4B2CE5-BBE6-4E92-A57C-49461CC24CA3}.Release|Any CPU.Build.0 = Release|Any CPU
		{1049D437-F3DC-4D0C-AB49-F7B653E755B3}.Debug|Any CPU.ActiveCfg = Debug|Any CPU
		{1049D437-F3DC-4D0C-AB49-F7B653E755B3}.Debug|Any CPU.Build.0 = Debug|Any CPU
		{1049D437-F3DC-4D0C-AB49-F7B653E755B3}.Release|Any CPU.ActiveCfg = Release|Any CPU
		{1049D437-F3DC-4D0C-AB49-F7B653E755B3}.Release|Any CPU.Build.0 = Release|Any CPU
	EndGlobalSection
	GlobalSection(SolutionProperties) = preSolution
		HideSolutionNode = FALSE
	EndGlobalSection
	GlobalSection(ExtensibilityGlobals) = postSolution
		SolutionGuid = {AFD1784D-A51D-4822-925B-007EA5017EEF}
	EndGlobalSection
EndGlobal
